
Microsoft Visual Studio Solution File, Format Version 12.00
# Visual Studio Version 16
VisualStudioVersion = 16.0.29911.84
MinimumVisualStudioVersion = 10.0.40219.1
Project("{FAE04EC0-301F-11D3-BF4B-00C04F79EFBC}") = "MBSTU.OnlineCourse.Web", "MBSTU.OnlineCourse.Web\MBSTU.OnlineCourse.Web.csproj", "{0F57CDEA-81A9-48FA-911F-BDBEF08D8F80}"
EndProject
Project("{FAE04EC0-301F-11D3-BF4B-00C04F79EFBC}") = "MBSTU.OnlineCourse.Framework", "MBSTU.OnlineCourse.Framework\MBSTU.OnlineCourse.Framework.csproj", "{A3064F12-2ED2-4973-A9F1-AA7CF7229D43}"
EndProject
Project("{FAE04EC0-301F-11D3-BF4B-00C04F79EFBC}") = "MBSTU.OnlineCourse.Data", "MBSTU.OnlineCourse.Data\MBSTU.OnlineCourse.Data.csproj", "{7CD1BB49-D55C-4810-AF1D-66520C1BF636}"
EndProject
Global
	GlobalSection(SolutionConfigurationPlatforms) = preSolution
		Debug|Any CPU = Debug|Any CPU
		Release|Any CPU = Release|Any CPU
	EndGlobalSection
	GlobalSection(ProjectConfigurationPlatforms) = postSolution
		{0F57CDEA-81A9-48FA-911F-BDBEF08D8F80}.Debug|Any CPU.ActiveCfg = Debug|Any CPU
		{0F57CDEA-81A9-48FA-911F-BDBEF08D8F80}.Debug|Any CPU.Build.0 = Debug|Any CPU
		{0F57CDEA-81A9-48FA-911F-BDBEF08D8F80}.Release|Any CPU.ActiveCfg = Release|Any CPU
		{0F57CDEA-81A9-48FA-911F-BDBEF08D8F80}.Release|Any CPU.Build.0 = Release|Any CPU
		{A3064F12-2ED2-4973-A9F1-AA7CF7229D43}.Debug|Any CPU.ActiveCfg = Debug|Any CPU
		{A3064F12-2ED2-4973-A9F1-AA7CF7229D43}.Debug|Any CPU.Build.0 = Debug|Any CPU
		{A3064F12-2ED2-4973-A9F1-AA7CF7229D43}.Release|Any CPU.ActiveCfg = Release|Any CPU
		{A3064F12-2ED2-4973-A9F1-AA7CF7229D43}.Release|Any CPU.Build.0 = Release|Any CPU
		{7CD1BB49-D55C-4810-AF1D-66520C1BF636}.Debug|Any CPU.ActiveCfg = Debug|Any CPU
		{7CD1BB49-D55C-4810-AF1D-66520C1BF636}.Debug|Any CPU.Build.0 = Debug|Any CPU
		{7CD1BB49-D55C-4810-AF1D-66520C1BF636}.Release|Any CPU.ActiveCfg = Release|Any CPU
		{7CD1BB49-D55C-4810-AF1D-66520C1BF636}.Release|Any CPU.Build.0 = Release|Any CPU
	EndGlobalSection
	GlobalSection(SolutionProperties) = preSolution
		HideSolutionNode = FALSE
	EndGlobalSection
	GlobalSection(ExtensibilityGlobals) = postSolution
		SolutionGuid = {D17535D3-D00D-4810-A72A-B9C42CC0B02E}
	EndGlobalSection
EndGlobal
