
Microsoft Visual Studio Solution File, Format Version 12.00
# Visual Studio Version 16
VisualStudioVersion = 16.0.29613.14
MinimumVisualStudioVersion = 10.0.40219.1
Project("{FAE04EC0-301F-11D3-BF4B-00C04F79EFBC}") = "MBSTU.LibrarySystem.WEB", "MBSTU.LibrarySystem.WEB\MBSTU.LibrarySystem.WEB.csproj", "{A2221D1D-201D-4618-8245-F7BF781D867B}"
EndProject
Global
	GlobalSection(SolutionConfigurationPlatforms) = preSolution
		Debug|Any CPU = Debug|Any CPU
		Release|Any CPU = Release|Any CPU
	EndGlobalSection
	GlobalSection(ProjectConfigurationPlatforms) = postSolution
		{A2221D1D-201D-4618-8245-F7BF781D867B}.Debug|Any CPU.ActiveCfg = Debug|Any CPU
		{A2221D1D-201D-4618-8245-F7BF781D867B}.Debug|Any CPU.Build.0 = Debug|Any CPU
		{A2221D1D-201D-4618-8245-F7BF781D867B}.Release|Any CPU.ActiveCfg = Release|Any CPU
		{A2221D1D-201D-4618-8245-F7BF781D867B}.Release|Any CPU.Build.0 = Release|Any CPU
	EndGlobalSection
	GlobalSection(SolutionProperties) = preSolution
		HideSolutionNode = FALSE
	EndGlobalSection
	GlobalSection(ExtensibilityGlobals) = postSolution
		SolutionGuid = {E0CD1427-CB9F-40AB-9138-439FDCE20C79}
	EndGlobalSection
EndGlobal
