
Microsoft Visual Studio Solution File, Format Version 12.00
# Visual Studio Version 16
VisualStudioVersion = 16.0.29911.84
MinimumVisualStudioVersion = 10.0.40219.1
Project("{FAE04EC0-301F-11D3-BF4B-00C04F79EFBC}") = "ProductStore.web", "ProductStore.web\ProductStore.web.csproj", "{9D10CF29-299C-4DD8-ADB0-3EB86F8D49DC}"
EndProject
Global
	GlobalSection(SolutionConfigurationPlatforms) = preSolution
		Debug|Any CPU = Debug|Any CPU
		Release|Any CPU = Release|Any CPU
	EndGlobalSection
	GlobalSection(ProjectConfigurationPlatforms) = postSolution
		{9D10CF29-299C-4DD8-ADB0-3EB86F8D49DC}.Debug|Any CPU.ActiveCfg = Debug|Any CPU
		{9D10CF29-299C-4DD8-ADB0-3EB86F8D49DC}.Debug|Any CPU.Build.0 = Debug|Any CPU
		{9D10CF29-299C-4DD8-ADB0-3EB86F8D49DC}.Release|Any CPU.ActiveCfg = Release|Any CPU
		{9D10CF29-299C-4DD8-ADB0-3EB86F8D49DC}.Release|Any CPU.Build.0 = Release|Any CPU
	EndGlobalSection
	GlobalSection(SolutionProperties) = preSolution
		HideSolutionNode = FALSE
	EndGlobalSection
	GlobalSection(ExtensibilityGlobals) = postSolution
		SolutionGuid = {EB5A51AE-D0E8-4B49-BA54-B3032376E94A}
	EndGlobalSection
EndGlobal
