
Microsoft Visual Studio Solution File, Format Version 12.00
# Visual Studio Version 16
VisualStudioVersion = 16.0.30128.74
MinimumVisualStudioVersion = 10.0.40219.1
Project("{9A19103F-16F7-4668-BE54-9A1E7A4F7556}") = "AuthenticationAthorizationDemo", "AuthenticationAthorizationDemo\AuthenticationAthorizationDemo.csproj", "{E3BDC359-8EDE-40F5-A556-F71FEE774807}"
EndProject
Project("{FAE04EC0-301F-11D3-BF4B-00C04F79EFBC}") = "Membership", "Membership\Membership.csproj", "{9372DAA6-3EB5-43A0-A11A-EA729CB1F628}"
EndProject
Global
	GlobalSection(SolutionConfigurationPlatforms) = preSolution
		Debug|Any CPU = Debug|Any CPU
		Release|Any CPU = Release|Any CPU
	EndGlobalSection
	GlobalSection(ProjectConfigurationPlatforms) = postSolution
		{E3BDC359-8EDE-40F5-A556-F71FEE774807}.Debug|Any CPU.ActiveCfg = Debug|Any CPU
		{E3BDC359-8EDE-40F5-A556-F71FEE774807}.Debug|Any CPU.Build.0 = Debug|Any CPU
		{E3BDC359-8EDE-40F5-A556-F71FEE774807}.Release|Any CPU.ActiveCfg = Release|Any CPU
		{E3BDC359-8EDE-40F5-A556-F71FEE774807}.Release|Any CPU.Build.0 = Release|Any CPU
		{9372DAA6-3EB5-43A0-A11A-EA729CB1F628}.Debug|Any CPU.ActiveCfg = Debug|Any CPU
		{9372DAA6-3EB5-43A0-A11A-EA729CB1F628}.Debug|Any CPU.Build.0 = Debug|Any CPU
		{9372DAA6-3EB5-43A0-A11A-EA729CB1F628}.Release|Any CPU.ActiveCfg = Release|Any CPU
		{9372DAA6-3EB5-43A0-A11A-EA729CB1F628}.Release|Any CPU.Build.0 = Release|Any CPU
	EndGlobalSection
	GlobalSection(SolutionProperties) = preSolution
		HideSolutionNode = FALSE
	EndGlobalSection
	GlobalSection(ExtensibilityGlobals) = postSolution
		SolutionGuid = {C0CEB0FB-6406-49EA-A472-AE9BE63B88A4}
	EndGlobalSection
EndGlobal
