
Microsoft Visual Studio Solution File, Format Version 12.00
# Visual Studio Version 16
VisualStudioVersion = 16.0.29911.84
MinimumVisualStudioVersion = 10.0.40219.1
Project("{FAE04EC0-301F-11D3-BF4B-00C04F79EFBC}") = "EFProjectDemo", "EFProjectDemo\EFProjectDemo.csproj", "{D28032FA-7120-4C64-9D21-DB51E99C0168}"
EndProject
Global
	GlobalSection(SolutionConfigurationPlatforms) = preSolution
		Debug|Any CPU = Debug|Any CPU
		Release|Any CPU = Release|Any CPU
	EndGlobalSection
	GlobalSection(ProjectConfigurationPlatforms) = postSolution
		{D28032FA-7120-4C64-9D21-DB51E99C0168}.Debug|Any CPU.ActiveCfg = Debug|Any CPU
		{D28032FA-7120-4C64-9D21-DB51E99C0168}.Debug|Any CPU.Build.0 = Debug|Any CPU
		{D28032FA-7120-4C64-9D21-DB51E99C0168}.Release|Any CPU.ActiveCfg = Release|Any CPU
		{D28032FA-7120-4C64-9D21-DB51E99C0168}.Release|Any CPU.Build.0 = Release|Any CPU
	EndGlobalSection
	GlobalSection(SolutionProperties) = preSolution
		HideSolutionNode = FALSE
	EndGlobalSection
	GlobalSection(ExtensibilityGlobals) = postSolution
		SolutionGuid = {7D7FFC98-B4EE-4C62-BB59-C3B2D69D1C1C}
	EndGlobalSection
EndGlobal
